<Solution>
  <Project Path="DataAcessLayer/PocoClasses.csproj" />
  <Project Path="MVCview/MVCview.csproj" />
  <Project Path="RBAC.Data/RBAC.Data.csproj" />
  <Project Path="RBAC_ADONET_API/RBAC_ADONET_API.csproj" Id="e441477f-26c3-4269-be10-683008f09be2" />
  <Project Path="WebApi/WebApi.csproj" />
</Solution>
